
Microsoft Visual Studio Solution File, Format Version 12.00
# Visual Studio Version 16
VisualStudioVersion = 16.0.29806.167
MinimumVisualStudioVersion = 10.0.40219.1
Project("{FAE04EC0-301F-11D3-BF4B-00C04F79EFBC}") = "CursosOnline.Domain", "CursosOnline.Domain\CursosOnline.Domain.csproj", "{8AC38339-DD8D-4BA3-82D6-89B25353F776}"
EndProject
Project("{FAE04EC0-301F-11D3-BF4B-00C04F79EFBC}") = "CursosOnline.DomainTest", "CursosOnline.DomainTest\CursosOnline.DomainTest.csproj", "{309D3445-F0BD-4515-A9CA-C716EB98B6B2}"
EndProject
Global
	GlobalSection(SolutionConfigurationPlatforms) = preSolution
		Debug|Any CPU = Debug|Any CPU
		Release|Any CPU = Release|Any CPU
	EndGlobalSection
	GlobalSection(ProjectConfigurationPlatforms) = postSolution
		{8AC38339-DD8D-4BA3-82D6-89B25353F776}.Debug|Any CPU.ActiveCfg = Debug|Any CPU
		{8AC38339-DD8D-4BA3-82D6-89B25353F776}.Debug|Any CPU.Build.0 = Debug|Any CPU
		{8AC38339-DD8D-4BA3-82D6-89B25353F776}.Release|Any CPU.ActiveCfg = Release|Any CPU
		{8AC38339-DD8D-4BA3-82D6-89B25353F776}.Release|Any CPU.Build.0 = Release|Any CPU
		{309D3445-F0BD-4515-A9CA-C716EB98B6B2}.Debug|Any CPU.ActiveCfg = Debug|Any CPU
		{309D3445-F0BD-4515-A9CA-C716EB98B6B2}.Debug|Any CPU.Build.0 = Debug|Any CPU
		{309D3445-F0BD-4515-A9CA-C716EB98B6B2}.Release|Any CPU.ActiveCfg = Release|Any CPU
		{309D3445-F0BD-4515-A9CA-C716EB98B6B2}.Release|Any CPU.Build.0 = Release|Any CPU
	EndGlobalSection
	GlobalSection(SolutionProperties) = preSolution
		HideSolutionNode = FALSE
	EndGlobalSection
	GlobalSection(ExtensibilityGlobals) = postSolution
		SolutionGuid = {1E3C07C6-0B97-44C4-AF3C-2DB4521FAD3C}
	EndGlobalSection
EndGlobal
